// !$*UTF8*$!
{
	archiveVersion = 1;
	classes = {
	};
	objectVersion = 56;
	objects = {

/* Begin PBXBuildFile section */
		A0D5D0F52AA2366100939E19 /* HotelAppSwiftUIApp.swift in Sources */ = {isa = PBXBuildFile; fileRef = A0D5D0F42AA2366100939E19 /* HotelAppSwiftUIApp.swift */; };
		A0D5D0F72AA2366100939E19 /* ContentView.swift in Sources */ = {isa = PBXBuildFile; fileRef = A0D5D0F62AA2366100939E19 /* ContentView.swift */; };
		A0D5D0F92AA2366300939E19 /* Assets.xcassets in Resources */ = {isa = PBXBuildFile; fileRef = A0D5D0F82AA2366300939E19 /* Assets.xcassets */; };
		A0D5D0FC2AA2366300939E19 /* Preview Assets.xcassets in Resources */ = {isa = PBXBuildFile; fileRef = A0D5D0FB2AA2366300939E19 /* Preview Assets.xcassets */; };
		A0D5D1032AA2396600939E19 /* PictureCarouselView.swift in Sources */ = {isa = PBXBuildFile; fileRef = A0D5D1022AA2396600939E19 /* PictureCarouselView.swift */; };
		A0D5D1052AA244ED00939E19 /* NetworkManager.swift in Sources */ = {isa = PBXBuildFile; fileRef = A0D5D1042AA244ED00939E19 /* NetworkManager.swift */; };
		A0D5D1072AA245C000939E19 /* HotelModel.swift in Sources */ = {isa = PBXBuildFile; fileRef = A0D5D1062AA245C000939E19 /* HotelModel.swift */; };
		A0D5D1092AA3273100939E19 /* CollectionViewCell.swift in Sources */ = {isa = PBXBuildFile; fileRef = A0D5D1082AA3273100939E19 /* CollectionViewCell.swift */; };
		A0D5D10B2AA3380700939E19 /* FacilitiesButtons.swift in Sources */ = {isa = PBXBuildFile; fileRef = A0D5D10A2AA3380700939E19 /* FacilitiesButtons.swift */; };
		A0D5D10D2AA3A4F500939E19 /* StarView.swift in Sources */ = {isa = PBXBuildFile; fileRef = A0D5D10C2AA3A4F500939E19 /* StarView.swift */; };
		A0D5D1122AA3A98600939E19 /* PriceView.swift in Sources */ = {isa = PBXBuildFile; fileRef = A0D5D1112AA3A98600939E19 /* PriceView.swift */; };
		A0D5D1142AA3ABFA00939E19 /* HotelNameView.swift in Sources */ = {isa = PBXBuildFile; fileRef = A0D5D1132AA3ABFA00939E19 /* HotelNameView.swift */; };
		A0D5D1162AA3AD1200939E19 /* PeculiaritiesView.swift in Sources */ = {isa = PBXBuildFile; fileRef = A0D5D1152AA3AD1200939E19 /* PeculiaritiesView.swift */; };
		A0D5D1182AA3AECF00939E19 /* BasicBlueButton.swift in Sources */ = {isa = PBXBuildFile; fileRef = A0D5D1172AA3AECF00939E19 /* BasicBlueButton.swift */; };
/* End PBXBuildFile section */

/* Begin PBXFileReference section */
		A0D5D0F12AA2366100939E19 /* HotelAppSwiftUI.app */ = {isa = PBXFileReference; explicitFileType = wrapper.application; includeInIndex = 0; path = HotelAppSwiftUI.app; sourceTree = BUILT_PRODUCTS_DIR; };
		A0D5D0F42AA2366100939E19 /* HotelAppSwiftUIApp.swift */ = {isa = PBXFileReference; lastKnownFileType = sourcecode.swift; path = HotelAppSwiftUIApp.swift; sourceTree = "<group>"; };
		A0D5D0F62AA2366100939E19 /* ContentView.swift */ = {isa = PBXFileReference; lastKnownFileType = sourcecode.swift; path = ContentView.swift; sourceTree = "<group>"; };
		A0D5D0F82AA2366300939E19 /* Assets.xcassets */ = {isa = PBXFileReference; lastKnownFileType = folder.assetcatalog; path = Assets.xcassets; sourceTree = "<group>"; };
		A0D5D0FB2AA2366300939E19 /* Preview Assets.xcassets */ = {isa = PBXFileReference; lastKnownFileType = folder.assetcatalog; path = "Preview Assets.xcassets"; sourceTree = "<group>"; };
		A0D5D1022AA2396600939E19 /* PictureCarouselView.swift */ = {isa = PBXFileReference; lastKnownFileType = sourcecode.swift; path = PictureCarouselView.swift; sourceTree = "<group>"; };
		A0D5D1042AA244ED00939E19 /* NetworkManager.swift */ = {isa = PBXFileReference; lastKnownFileType = sourcecode.swift; path = NetworkManager.swift; sourceTree = "<group>"; };
		A0D5D1062AA245C000939E19 /* HotelModel.swift */ = {isa = PBXFileReference; lastKnownFileType = sourcecode.swift; path = HotelModel.swift; sourceTree = "<group>"; };
		A0D5D1082AA3273100939E19 /* CollectionViewCell.swift */ = {isa = PBXFileReference; lastKnownFileType = sourcecode.swift; path = CollectionViewCell.swift; sourceTree = "<group>"; };
		A0D5D10A2AA3380700939E19 /* FacilitiesButtons.swift */ = {isa = PBXFileReference; lastKnownFileType = sourcecode.swift; path = FacilitiesButtons.swift; sourceTree = "<group>"; };
		A0D5D10C2AA3A4F500939E19 /* StarView.swift */ = {isa = PBXFileReference; lastKnownFileType = sourcecode.swift; path = StarView.swift; sourceTree = "<group>"; };
		A0D5D1112AA3A98600939E19 /* PriceView.swift */ = {isa = PBXFileReference; lastKnownFileType = sourcecode.swift; path = PriceView.swift; sourceTree = "<group>"; };
		A0D5D1132AA3ABFA00939E19 /* HotelNameView.swift */ = {isa = PBXFileReference; lastKnownFileType = sourcecode.swift; path = HotelNameView.swift; sourceTree = "<group>"; };
		A0D5D1152AA3AD1200939E19 /* PeculiaritiesView.swift */ = {isa = PBXFileReference; lastKnownFileType = sourcecode.swift; path = PeculiaritiesView.swift; sourceTree = "<group>"; };
		A0D5D1172AA3AECF00939E19 /* BasicBlueButton.swift */ = {isa = PBXFileReference; lastKnownFileType = sourcecode.swift; path = BasicBlueButton.swift; sourceTree = "<group>"; };
/* End PBXFileReference section */

/* Begin PBXFrameworksBuildPhase section */
		A0D5D0EE2AA2366100939E19 /* Frameworks */ = {
			isa = PBXFrameworksBuildPhase;
			buildActionMask = 2147483647;
			files = (
			);
			runOnlyForDeploymentPostprocessing = 0;
		};
/* End PBXFrameworksBuildPhase section */

/* Begin PBXGroup section */
		A0D5D0E82AA2366100939E19 = {
			isa = PBXGroup;
			children = (
				A0D5D0F32AA2366100939E19 /* HotelAppSwiftUI */,
				A0D5D0F22AA2366100939E19 /* Products */,
			);
			sourceTree = "<group>";
		};
		A0D5D0F22AA2366100939E19 /* Products */ = {
			isa = PBXGroup;
			children = (
				A0D5D0F12AA2366100939E19 /* HotelAppSwiftUI.app */,
			);
			name = Products;
			sourceTree = "<group>";
		};
		A0D5D0F32AA2366100939E19 /* HotelAppSwiftUI */ = {
			isa = PBXGroup;
			children = (
				A0D5D0F42AA2366100939E19 /* HotelAppSwiftUIApp.swift */,
				A0D5D0F62AA2366100939E19 /* ContentView.swift */,
				A0D5D1042AA244ED00939E19 /* NetworkManager.swift */,
				A0D5D1102AA3A8C000939E19 /* Models */,
				A0D5D0F82AA2366300939E19 /* Assets.xcassets */,
				A0D5D10E2AA3A86000939E19 /* ViewButtons */,
				A0D5D10F2AA3A88400939E19 /* BasicViews */,
				A0D5D0FA2AA2366300939E19 /* Preview Content */,
			);
			path = HotelAppSwiftUI;
			sourceTree = "<group>";
		};
		A0D5D0FA2AA2366300939E19 /* Preview Content */ = {
			isa = PBXGroup;
			children = (
				A0D5D1082AA3273100939E19 /* CollectionViewCell.swift */,
				A0D5D0FB2AA2366300939E19 /* Preview Assets.xcassets */,
			);
			path = "Preview Content";
			sourceTree = "<group>";
		};
		A0D5D10E2AA3A86000939E19 /* ViewButtons */ = {
			isa = PBXGroup;
			children = (
				A0D5D10A2AA3380700939E19 /* FacilitiesButtons.swift */,
				A0D5D1172AA3AECF00939E19 /* BasicBlueButton.swift */,
			);
			path = ViewButtons;
			sourceTree = "<group>";
		};
		A0D5D10F2AA3A88400939E19 /* BasicViews */ = {
			isa = PBXGroup;
			children = (
				A0D5D1022AA2396600939E19 /* PictureCarouselView.swift */,
				A0D5D10C2AA3A4F500939E19 /* StarView.swift */,
				A0D5D1112AA3A98600939E19 /* PriceView.swift */,
				A0D5D1132AA3ABFA00939E19 /* HotelNameView.swift */,
				A0D5D1152AA3AD1200939E19 /* PeculiaritiesView.swift */,
			);
			path = BasicViews;
			sourceTree = "<group>";
		};
		A0D5D1102AA3A8C000939E19 /* Models */ = {
			isa = PBXGroup;
			children = (
				A0D5D1062AA245C000939E19 /* HotelModel.swift */,
			);
			path = Models;
			sourceTree = "<group>";
		};
/* End PBXGroup section */

/* Begin PBXNativeTarget section */
		A0D5D0F02AA2366100939E19 /* HotelAppSwiftUI */ = {
			isa = PBXNativeTarget;
			buildConfigurationList = A0D5D0FF2AA2366300939E19 /* Build configuration list for PBXNativeTarget "HotelAppSwiftUI" */;
			buildPhases = (
				A0D5D0ED2AA2366100939E19 /* Sources */,
				A0D5D0EE2AA2366100939E19 /* Frameworks */,
				A0D5D0EF2AA2366100939E19 /* Resources */,
			);
			buildRules = (
			);
			dependencies = (
			);
			name = HotelAppSwiftUI;
			productName = HotelAppSwiftUI;
			productReference = A0D5D0F12AA2366100939E19 /* HotelAppSwiftUI.app */;
			productType = "com.apple.product-type.application";
		};
/* End PBXNativeTarget section */

/* Begin PBXProject section */
		A0D5D0E92AA2366100939E19 /* Project object */ = {
			isa = PBXProject;
			attributes = {
				BuildIndependentTargetsInParallel = 1;
				LastSwiftUpdateCheck = 1430;
				LastUpgradeCheck = 1430;
				TargetAttributes = {
					A0D5D0F02AA2366100939E19 = {
						CreatedOnToolsVersion = 14.3.1;
					};
				};
			};
			buildConfigurationList = A0D5D0EC2AA2366100939E19 /* Build configuration list for PBXProject "HotelAppSwiftUI" */;
			compatibilityVersion = "Xcode 14.0";
			developmentRegion = en;
			hasScannedForEncodings = 0;
			knownRegions = (
				en,
				Base,
			);
			mainGroup = A0D5D0E82AA2366100939E19;
			productRefGroup = A0D5D0F22AA2366100939E19 /* Products */;
			projectDirPath = "";
			projectRoot = "";
			targets = (
				A0D5D0F02AA2366100939E19 /* HotelAppSwiftUI */,
			);
		};
/* End PBXProject section */

/* Begin PBXResourcesBuildPhase section */
		A0D5D0EF2AA2366100939E19 /* Resources */ = {
			isa = PBXResourcesBuildPhase;
			buildActionMask = 2147483647;
			files = (
				A0D5D0FC2AA2366300939E19 /* Preview Assets.xcassets in Resources */,
				A0D5D0F92AA2366300939E19 /* Assets.xcassets in Resources */,
			);
			runOnlyForDeploymentPostprocessing = 0;
		};
/* End PBXResourcesBuildPhase section */

/* Begin PBXSourcesBuildPhase section */
		A0D5D0ED2AA2366100939E19 /* Sources */ = {
			isa = PBXSourcesBuildPhase;
			buildActionMask = 2147483647;
			files = (
				A0D5D1072AA245C000939E19 /* HotelModel.swift in Sources */,
				A0D5D1052AA244ED00939E19 /* NetworkManager.swift in Sources */,
				A0D5D10B2AA3380700939E19 /* FacilitiesButtons.swift in Sources */,
				A0D5D1092AA3273100939E19 /* CollectionViewCell.swift in Sources */,
				A0D5D1032AA2396600939E19 /* PictureCarouselView.swift in Sources */,
				A0D5D1162AA3AD1200939E19 /* PeculiaritiesView.swift in Sources */,
				A0D5D1122AA3A98600939E19 /* PriceView.swift in Sources */,
				A0D5D1142AA3ABFA00939E19 /* HotelNameView.swift in Sources */,
				A0D5D0F72AA2366100939E19 /* ContentView.swift in Sources */,
				A0D5D10D2AA3A4F500939E19 /* StarView.swift in Sources */,
				A0D5D1182AA3AECF00939E19 /* BasicBlueButton.swift in Sources */,
				A0D5D0F52AA2366100939E19 /* HotelAppSwiftUIApp.swift in Sources */,
			);
			runOnlyForDeploymentPostprocessing = 0;
		};
/* End PBXSourcesBuildPhase section */

/* Begin XCBuildConfiguration section */
		A0D5D0FD2AA2366300939E19 /* Debug */ = {
			isa = XCBuildConfiguration;
			buildSettings = {
				ALWAYS_SEARCH_USER_PATHS = NO;
				CLANG_ANALYZER_NONNULL = YES;
				CLANG_ANALYZER_NUMBER_OBJECT_CONVERSION = YES_AGGRESSIVE;
				CLANG_CXX_LANGUAGE_STANDARD = "gnu++20";
				CLANG_ENABLE_MODULES = YES;
				CLANG_ENABLE_OBJC_ARC = YES;
				CLANG_ENABLE_OBJC_WEAK = YES;
				CLANG_WARN_BLOCK_CAPTURE_AUTORELEASING = YES;
				CLANG_WARN_BOOL_CONVERSION = YES;
				CLANG_WARN_COMMA = YES;
				CLANG_WARN_CONSTANT_CONVERSION = YES;
				CLANG_WARN_DEPRECATED_OBJC_IMPLEMENTATIONS = YES;
				CLANG_WARN_DIRECT_OBJC_ISA_USAGE = YES_ERROR;
				CLANG_WARN_DOCUMENTATION_COMMENTS = YES;
				CLANG_WARN_EMPTY_BODY = YES;
				CLANG_WARN_ENUM_CONVERSION = YES;
				CLANG_WARN_INFINITE_RECURSION = YES;
				CLANG_WARN_INT_CONVERSION = YES;
				CLANG_WARN_NON_LITERAL_NULL_CONVERSION = YES;
				CLANG_WARN_OBJC_IMPLICIT_RETAIN_SELF = YES;
				CLANG_WARN_OBJC_LITERAL_CONVERSION = YES;
				CLANG_WARN_OBJC_ROOT_CLASS = YES_ERROR;
				CLANG_WARN_QUOTED_INCLUDE_IN_FRAMEWORK_HEADER = YES;
				CLANG_WARN_RANGE_LOOP_ANALYSIS = YES;
				CLANG_WARN_STRICT_PROTOTYPES = YES;
				CLANG_WARN_SUSPICIOUS_MOVE = YES;
				CLANG_WARN_UNGUARDED_AVAILABILITY = YES_AGGRESSIVE;
				CLANG_WARN_UNREACHABLE_CODE = YES;
				CLANG_WARN__DUPLICATE_METHOD_MATCH = YES;
				COPY_PHASE_STRIP = NO;
				DEBUG_INFORMATION_FORMAT = dwarf;
				ENABLE_STRICT_OBJC_MSGSEND = YES;
				ENABLE_TESTABILITY = YES;
				GCC_C_LANGUAGE_STANDARD = gnu11;
				GCC_DYNAMIC_NO_PIC = NO;
				GCC_NO_COMMON_BLOCKS = YES;
				GCC_OPTIMIZATION_LEVEL = 0;
				GCC_PREPROCESSOR_DEFINITIONS = (
					"DEBUG=1",
					"$(inherited)",
				);
				GCC_WARN_64_TO_32_BIT_CONVERSION = YES;
				GCC_WARN_ABOUT_RETURN_TYPE = YES_ERROR;
				GCC_WARN_UNDECLARED_SELECTOR = YES;
				GCC_WARN_UNINITIALIZED_AUTOS = YES_AGGRESSIVE;
				GCC_WARN_UNUSED_FUNCTION = YES;
				GCC_WARN_UNUSED_VARIABLE = YES;
				IPHONEOS_DEPLOYMENT_TARGET = 16.4;
				MTL_ENABLE_DEBUG_INFO = INCLUDE_SOURCE;
				MTL_FAST_MATH = YES;
				ONLY_ACTIVE_ARCH = YES;
				SDKROOT = iphoneos;
				SWIFT_ACTIVE_COMPILATION_CONDITIONS = DEBUG;
				SWIFT_OPTIMIZATION_LEVEL = "-Onone";
			};
			name = Debug;
		};
		A0D5D0FE2AA2366300939E19 /* Release */ = {
			isa = XCBuildConfiguration;
			buildSettings = {
				ALWAYS_SEARCH_USER_PATHS = NO;
				CLANG_ANALYZER_NONNULL = YES;
				CLANG_ANALYZER_NUMBER_OBJECT_CONVERSION = YES_AGGRESSIVE;
				CLANG_CXX_LANGUAGE_STANDARD = "gnu++20";
				CLANG_ENABLE_MODULES = YES;
				CLANG_ENABLE_OBJC_ARC = YES;
				CLANG_ENABLE_OBJC_WEAK = YES;
				CLANG_WARN_BLOCK_CAPTURE_AUTORELEASING = YES;
				CLANG_WARN_BOOL_CONVERSION = YES;
				CLANG_WARN_COMMA = YES;
				CLANG_WARN_CONSTANT_CONVERSION = YES;
				CLANG_WARN_DEPRECATED_OBJC_IMPLEMENTATIONS = YES;
				CLANG_WARN_DIRECT_OBJC_ISA_USAGE = YES_ERROR;
				CLANG_WARN_DOCUMENTATION_COMMENTS = YES;
				CLANG_WARN_EMPTY_BODY = YES;
				CLANG_WARN_ENUM_CONVERSION = YES;
				CLANG_WARN_INFINITE_RECURSION = YES;
				CLANG_WARN_INT_CONVERSION = YES;
				CLANG_WARN_NON_LITERAL_NULL_CONVERSION = YES;
				CLANG_WARN_OBJC_IMPLICIT_RETAIN_SELF = YES;
				CLANG_WARN_OBJC_LITERAL_CONVERSION = YES;
				CLANG_WARN_OBJC_ROOT_CLASS = YES_ERROR;
				CLANG_WARN_QUOTED_INCLUDE_IN_FRAMEWORK_HEADER = YES;
				CLANG_WARN_RANGE_LOOP_ANALYSIS = YES;
				CLANG_WARN_STRICT_PROTOTYPES = YES;
				CLANG_WARN_SUSPICIOUS_MOVE = YES;
				CLANG_WARN_UNGUARDED_AVAILABILITY = YES_AGGRESSIVE;
				CLANG_WARN_UNREACHABLE_CODE = YES;
				CLANG_WARN__DUPLICATE_METHOD_MATCH = YES;
				COPY_PHASE_STRIP = NO;
				DEBUG_INFORMATION_FORMAT = "dwarf-with-dsym";
				ENABLE_NS_ASSERTIONS = NO;
				ENABLE_STRICT_OBJC_MSGSEND = YES;
				GCC_C_LANGUAGE_STANDARD = gnu11;
				GCC_NO_COMMON_BLOCKS = YES;
				GCC_WARN_64_TO_32_BIT_CONVERSION = YES;
				GCC_WARN_ABOUT_RETURN_TYPE = YES_ERROR;
				GCC_WARN_UNDECLARED_SELECTOR = YES;
				GCC_WARN_UNINITIALIZED_AUTOS = YES_AGGRESSIVE;
				GCC_WARN_UNUSED_FUNCTION = YES;
				GCC_WARN_UNUSED_VARIABLE = YES;
				IPHONEOS_DEPLOYMENT_TARGET = 16.4;
				MTL_ENABLE_DEBUG_INFO = NO;
				MTL_FAST_MATH = YES;
				SDKROOT = iphoneos;
				SWIFT_COMPILATION_MODE = wholemodule;
				SWIFT_OPTIMIZATION_LEVEL = "-O";
				VALIDATE_PRODUCT = YES;
			};
			name = Release;
		};
		A0D5D1002AA2366300939E19 /* Debug */ = {
			isa = XCBuildConfiguration;
			buildSettings = {
				ASSETCATALOG_COMPILER_APPICON_NAME = AppIcon;
				ASSETCATALOG_COMPILER_GLOBAL_ACCENT_COLOR_NAME = AccentColor;
				CODE_SIGN_STYLE = Automatic;
				CURRENT_PROJECT_VERSION = 1;
				DEVELOPMENT_ASSET_PATHS = "\"HotelAppSwiftUI/Preview Content\"";
				DEVELOPMENT_TEAM = 8Z9CU7FVMB;
				ENABLE_PREVIEWS = YES;
				GENERATE_INFOPLIST_FILE = YES;
				INFOPLIST_KEY_UIApplicationSceneManifest_Generation = YES;
				INFOPLIST_KEY_UIApplicationSupportsIndirectInputEvents = YES;
				INFOPLIST_KEY_UILaunchScreen_Generation = YES;
				INFOPLIST_KEY_UISupportedInterfaceOrientations_iPad = "UIInterfaceOrientationPortrait UIInterfaceOrientationPortraitUpsideDown UIInterfaceOrientationLandscapeLeft UIInterfaceOrientationLandscapeRight";
				INFOPLIST_KEY_UISupportedInterfaceOrientations_iPhone = "UIInterfaceOrientationPortrait UIInterfaceOrientationLandscapeLeft UIInterfaceOrientationLandscapeRight";
				LD_RUNPATH_SEARCH_PATHS = (
					"$(inherited)",
					"@executable_path/Frameworks",
				);
				MARKETING_VERSION = 1.0;
				PRODUCT_BUNDLE_IDENTIFIER = Meaw.HotelAppSwiftUI;
				PRODUCT_NAME = "$(TARGET_NAME)";
				SWIFT_EMIT_LOC_STRINGS = YES;
				SWIFT_VERSION = 5.0;
				TARGETED_DEVICE_FAMILY = "1,2";
			};
			name = Debug;
		};
		A0D5D1012AA2366300939E19 /* Release */ = {
			isa = XCBuildConfiguration;
			buildSettings = {
				ASSETCATALOG_COMPILER_APPICON_NAME = AppIcon;
				ASSETCATALOG_COMPILER_GLOBAL_ACCENT_COLOR_NAME = AccentColor;
				CODE_SIGN_STYLE = Automatic;
				CURRENT_PROJECT_VERSION = 1;
				DEVELOPMENT_ASSET_PATHS = "\"HotelAppSwiftUI/Preview Content\"";
				DEVELOPMENT_TEAM = 8Z9CU7FVMB;
				ENABLE_PREVIEWS = YES;
				GENERATE_INFOPLIST_FILE = YES;
				INFOPLIST_KEY_UIApplicationSceneManifest_Generation = YES;
				INFOPLIST_KEY_UIApplicationSupportsIndirectInputEvents = YES;
				INFOPLIST_KEY_UILaunchScreen_Generation = YES;
				INFOPLIST_KEY_UISupportedInterfaceOrientations_iPad = "UIInterfaceOrientationPortrait UIInterfaceOrientationPortraitUpsideDown UIInterfaceOrientationLandscapeLeft UIInterfaceOrientationLandscapeRight";
				INFOPLIST_KEY_UISupportedInterfaceOrientations_iPhone = "UIInterfaceOrientationPortrait UIInterfaceOrientationLandscapeLeft UIInterfaceOrientationLandscapeRight";
				LD_RUNPATH_SEARCH_PATHS = (
					"$(inherited)",
					"@executable_path/Frameworks",
				);
				MARKETING_VERSION = 1.0;
				PRODUCT_BUNDLE_IDENTIFIER = Meaw.HotelAppSwiftUI;
				PRODUCT_NAME = "$(TARGET_NAME)";
				SWIFT_EMIT_LOC_STRINGS = YES;
				SWIFT_VERSION = 5.0;
				TARGETED_DEVICE_FAMILY = "1,2";
			};
			name = Release;
		};
/* End XCBuildConfiguration section */

/* Begin XCConfigurationList section */
		A0D5D0EC2AA2366100939E19 /* Build configuration list for PBXProject "HotelAppSwiftUI" */ = {
			isa = XCConfigurationList;
			buildConfigurations = (
				A0D5D0FD2AA2366300939E19 /* Debug */,
				A0D5D0FE2AA2366300939E19 /* Release */,
			);
			defaultConfigurationIsVisible = 0;
			defaultConfigurationName = Release;
		};
		A0D5D0FF2AA2366300939E19 /* Build configuration list for PBXNativeTarget "HotelAppSwiftUI" */ = {
			isa = XCConfigurationList;
			buildConfigurations = (
				A0D5D1002AA2366300939E19 /* Debug */,
				A0D5D1012AA2366300939E19 /* Release */,
			);
			defaultConfigurationIsVisible = 0;
			defaultConfigurationName = Release;
		};
/* End XCConfigurationList section */
	};
	rootObject = A0D5D0E92AA2366100939E19 /* Project object */;
}
